
Microsoft Visual Studio Solution File, Format Version 12.00
# Visual Studio Version 17
VisualStudioVersion = 17.9.34723.18
MinimumVisualStudioVersion = 10.0.40219.1
Project("{FAE04EC0-301F-11D3-BF4B-00C04F79EFBC}") = "BamukoyaPhotoApp", "BamukoyaPhotoApp.csproj", "{ABC0E07D-1F88-46B4-98AA-E6CA04356DCB}"
EndProject
Global
	GlobalSection(SolutionConfigurationPlatforms) = preSolution
		Debug|Any CPU = Debug|Any CPU
		Release|Any CPU = Release|Any CPU
	EndGlobalSection
	GlobalSection(ProjectConfigurationPlatforms) = postSolution
		{ABC0E07D-1F88-46B4-98AA-E6CA04356DCB}.Debug|Any CPU.ActiveCfg = Debug|Any CPU
		{ABC0E07D-1F88-46B4-98AA-E6CA04356DCB}.Debug|Any CPU.Build.0 = Debug|Any CPU
		{ABC0E07D-1F88-46B4-98AA-E6CA04356DCB}.Release|Any CPU.ActiveCfg = Release|Any CPU
		{ABC0E07D-1F88-46B4-98AA-E6CA04356DCB}.Release|Any CPU.Build.0 = Release|Any CPU
	EndGlobalSection
	GlobalSection(SolutionProperties) = preSolution
		HideSolutionNode = FALSE
	EndGlobalSection
	GlobalSection(ExtensibilityGlobals) = postSolution
		SolutionGuid = {DE31513E-A485-43FC-BE96-C6962A16233C}
	EndGlobalSection
EndGlobal
